<?xml version="1.0" encoding="utf-8"?>
<Project ToolsVersion="4.0" xmlns="http://schemas.microsoft.com/developer/msbuild/2003">
  <ItemGroup>
    <Filter Include="Source Files">
      <UniqueIdentifier>{4FC737F1-C7A5-4376-A066-2A32D752A2FF}</UniqueIdentifier>
      <Extensions>cpp;c;cc;cxx;def;odl;idl;hpj;bat;asm;asmx</Extensions>
    </Filter>
    <Filter Include="Header Files">
      <UniqueIdentifier>{93995380-89BD-4b04-88EB-625FBE52EBFB}</UniqueIdentifier>
      <Extensions>h;hh;hpp;hxx;hm;inl;inc;ipp;xsd</Extensions>
    </Filter>
    <Filter Include="Header Files\TW3DEngine">
      <UniqueIdentifier>{dff9c8bf-887e-4bf6-a674-b30a124a75d0}</UniqueIdentifier>
    </Filter>
    <Filter Include="Source Files\TW3DEngine">
      <UniqueIdentifier>{dd51a116-d939-4fec-9140-ce0213f34895}</UniqueIdentifier>
    </Filter>
    <Filter Include="Source Files\TWTypes">
      <UniqueIdentifier>{ceaac37c-798c-4b79-9e6c-a58408ce9e63}</UniqueIdentifier>
    </Filter>
    <Filter Include="Header Files\TWTypes">
      <UniqueIdentifier>{41661c97-f49a-44ec-9104-a1701891a418}</UniqueIdentifier>
    </Filter>
    <Filter Include="Header Files\TWUtils">
      <UniqueIdentifier>{baff5cba-1386-4ba3-a4db-f85a5d439e73}</UniqueIdentifier>
    </Filter>
    <Filter Include="Source Files\TWUtils">
      <UniqueIdentifier>{60b891bd-ea6a-4409-a747-b90b5f2d803b}</UniqueIdentifier>
    </Filter>
    <Filter Include="Resource Files">
      <UniqueIdentifier>{67DA6AB6-F800-4c08-8B7A-83BB121AAD01}</UniqueIdentifier>
      <Extensions>rc;ico;cur;bmp;dlg;rc2;rct;bin;rgs;gif;jpg;jpeg;jpe;resx;tiff;tif;png;wav;mfcribbon-ms</Extensions>
    </Filter>
    <Filter Include="Header Files\TW3DEngine\TW3DResource">
      <UniqueIdentifier>{80cf08c7-f479-453a-945f-2c18cb2f2f60}</UniqueIdentifier>
    </Filter>
    <Filter Include="Source Files\TW3DEngine\TW3DResource">
      <UniqueIdentifier>{eab31c58-c6a3-4a88-b24a-2a332d6a4af6}</UniqueIdentifier>
    </Filter>
    <Filter Include="Header Files\TW3DEngine\TW3DRenderer">
      <UniqueIdentifier>{38569007-973d-43e8-a670-1141a9b68c3b}</UniqueIdentifier>
    </Filter>
    <Filter Include="Source Files\TW3DEngine\TW3DRenderer">
      <UniqueIdentifier>{414afab7-c35e-4682-a207-51592690be9c}</UniqueIdentifier>
    </Filter>
    <Filter Include="Header Files\TW3DEngine\TW3DObject">
      <UniqueIdentifier>{aa96f36d-40fb-47b5-a06c-ffd1fe5d73af}</UniqueIdentifier>
    </Filter>
    <Filter Include="Source Files\TW3DEngine\TW3DObject">
      <UniqueIdentifier>{eeac9b60-9701-460c-8cc2-3f72ee8186d1}</UniqueIdentifier>
    </Filter>
    <Filter Include="Header Files\TW3DEngine\TW3DSystem">
      <UniqueIdentifier>{07302f89-5710-4d9f-8586-3049e4fc808e}</UniqueIdentifier>
    </Filter>
    <Filter Include="Source Files\TW3DEngine\TW3DSystem">
      <UniqueIdentifier>{376f94a8-21d7-4220-8b01-21568baa5926}</UniqueIdentifier>
    </Filter>
    <Filter Include="Resource Files\Shaders">
      <UniqueIdentifier>{b39a3dd0-0123-4934-8ded-05fc311c31ed}</UniqueIdentifier>
    </Filter>
    <Filter Include="Source Files\TW3DEngine\TW3DModule">
      <UniqueIdentifier>{3ce63c7c-f218-4dc6-95f7-4387ddd88421}</UniqueIdentifier>
    </Filter>
    <Filter Include="Resource Files\Shaders\BitonicSort">
      <UniqueIdentifier>{1284d1e6-ccd6-47ad-a77f-3719ae547363}</UniqueIdentifier>
    </Filter>
    <Filter Include="Resource Files\Shaders\LBVH">
      <UniqueIdentifier>{db1d1817-ab4c-4b8f-bc2c-43d53940f11a}</UniqueIdentifier>
    </Filter>
    <Filter Include="Header Files\TW3DEngine\TW3DModule">
      <UniqueIdentifier>{b0256958-3d81-4634-a4b7-47b5becb0758}</UniqueIdentifier>
    </Filter>
    <Filter Include="Header Files\Game">
      <UniqueIdentifier>{1662c1f8-83c0-424b-b9b8-270e532d9f73}</UniqueIdentifier>
    </Filter>
    <Filter Include="Source Files\Game">
      <UniqueIdentifier>{e9b4f37c-097d-4d5f-a0ba-9bec97bec004}</UniqueIdentifier>
    </Filter>
  </ItemGroup>
  <ItemGroup>
    <ClInclude Include="TWTypes.h">
      <Filter>Header Files\TWTypes</Filter>
    </ClInclude>
    <ClInclude Include="TWUtils.h">
      <Filter>Header Files\TWUtils</Filter>
    </ClInclude>
    <ClInclude Include="TW3DTypes.h">
      <Filter>Header Files\TWTypes</Filter>
    </ClInclude>
    <ClInclude Include="TW3DUtils.h">
      <Filter>Header Files\TWUtils</Filter>
    </ClInclude>
    <ClInclude Include="TW3DResource.h">
      <Filter>Header Files\TW3DEngine\TW3DResource</Filter>
    </ClInclude>
    <ClInclude Include="pch.h">
      <Filter>Header Files</Filter>
    </ClInclude>
    <ClInclude Include="TW3DGeometry.h">
      <Filter>Header Files\TW3DEngine\TW3DObject</Filter>
    </ClInclude>
    <ClInclude Include="TW3DCube.h">
      <Filter>Header Files\TW3DEngine\TW3DObject</Filter>
    </ClInclude>
    <ClInclude Include="TW3DPrimitives.h">
      <Filter>Header Files\TW3DEngine</Filter>
    </ClInclude>
    <ClInclude Include="TW3DRenderer.h">
      <Filter>Header Files\TW3DEngine\TW3DRenderer</Filter>
    </ClInclude>
    <ClInclude Include="TW3DDefaultRenderer.h">
      <Filter>Header Files\TW3DEngine\TW3DRenderer</Filter>
    </ClInclude>
    <ClInclude Include="TW3DObject.h">
      <Filter>Header Files\TW3DEngine\TW3DObject</Filter>
    </ClInclude>
    <ClInclude Include="TW3DAdapter.h">
      <Filter>Header Files\TW3DEngine\TW3DSystem</Filter>
    </ClInclude>
    <ClInclude Include="TW3DDescriptorHeap.h">
      <Filter>Header Files\TW3DEngine\TW3DSystem</Filter>
    </ClInclude>
    <ClInclude Include="TW3DDevice.h">
      <Filter>Header Files\TW3DEngine\TW3DSystem</Filter>
    </ClInclude>
    <ClInclude Include="TW3DFactory.h">
      <Filter>Header Files\TW3DEngine\TW3DSystem</Filter>
    </ClInclude>
    <ClInclude Include="TW3DGraphicsCommandList.h">
      <Filter>Header Files\TW3DEngine\TW3DSystem</Filter>
    </ClInclude>
    <ClInclude Include="TW3DRootSignature.h">
      <Filter>Header Files\TW3DEngine\TW3DSystem</Filter>
    </ClInclude>
    <ClInclude Include="TW3DSwapChain.h">
      <Filter>Header Files\TW3DEngine\TW3DSystem</Filter>
    </ClInclude>
    <ClInclude Include="TW3DTempGCL.h">
      <Filter>Header Files\TW3DEngine\TW3DSystem</Filter>
    </ClInclude>
    <ClInclude Include="TW3DCommandQueue.h">
      <Filter>Header Files\TW3DEngine\TW3DSystem</Filter>
    </ClInclude>
    <ClInclude Include="TW3DGraphicsPipelineState.h">
      <Filter>Header Files\TW3DEngine\TW3DSystem</Filter>
    </ClInclude>
    <ClInclude Include="TW3DComputePipelineState.h">
      <Filter>Header Files\TW3DEngine\TW3DSystem</Filter>
    </ClInclude>
    <ClInclude Include="TW3DBitonicSorter.h">
      <Filter>Header Files\TW3DEngine\TW3DModule</Filter>
    </ClInclude>
    <ClInclude Include="TW3DModules.h">
      <Filter>Header Files\TW3DEngine\TW3DModule</Filter>
    </ClInclude>
    <ClInclude Include="TW3DLBVH.h">
      <Filter>Header Files\TW3DEngine\TW3DSystem</Filter>
    </ClInclude>
    <ClInclude Include="TW3DShaders.h">
      <Filter>Header Files\TW3DEngine\TW3DSystem</Filter>
    </ClInclude>
    <ClInclude Include="TW3DVertexMesh.h">
      <Filter>Header Files\TW3DEngine\TW3DSystem</Filter>
    </ClInclude>
    <ClInclude Include="TWLogger.h">
      <Filter>Header Files\TWUtils</Filter>
    </ClInclude>
    <ClInclude Include="TW3DSphere.h">
      <Filter>Header Files\TW3DEngine\TW3DObject</Filter>
    </ClInclude>
    <ClInclude Include="Universe3D.h">
      <Filter>Header Files\Game</Filter>
    </ClInclude>
    <ClInclude Include="Planet.h">
      <Filter>Header Files\Game</Filter>
    </ClInclude>
    <ClInclude Include="Galaxy.h">
      <Filter>Header Files\Game</Filter>
    </ClInclude>
    <ClInclude Include="UniverseObject.h">
      <Filter>Header Files\Game</Filter>
    </ClInclude>
    <ClInclude Include="TWPerlinNoise.h">
      <Filter>Header Files\TWUtils</Filter>
    </ClInclude>
    <ClInclude Include="TW3DVertexBuffer.h">
      <Filter>Header Files\TW3DEngine\TW3DResource</Filter>
    </ClInclude>
    <ClInclude Include="TW3DConstantBuffer.h">
      <Filter>Header Files\TW3DEngine\TW3DResource</Filter>
    </ClInclude>
    <ClInclude Include="TW3DRenderTarget.h">
      <Filter>Header Files\TW3DEngine\TW3DResource</Filter>
    </ClInclude>
    <ClInclude Include="TW3DBuffer.h">
      <Filter>Header Files\TW3DEngine\TW3DResource</Filter>
    </ClInclude>
    <ClInclude Include="TW3DTexture.h">
      <Filter>Header Files\TW3DEngine\TW3DResource</Filter>
    </ClInclude>
    <ClInclude Include="TW3DResourceManager.h">
      <Filter>Header Files\TW3DEngine\TW3DSystem</Filter>
    </ClInclude>
    <ClInclude Include="TW3DPerspectiveCamera.h">
      <Filter>Header Files\TW3DEngine\TW3DSystem</Filter>
    </ClInclude>
    <ClInclude Include="TW3DEngine.h">
      <Filter>Header Files\TW3DEngine\TW3DSystem</Filter>
    </ClInclude>
    <ClInclude Include="TW3DScene.h">
      <Filter>Header Files\TW3DEngine\TW3DSystem</Filter>
    </ClInclude>
    <ClInclude Include="TW3DTransform.h">
      <Filter>Header Files\TW3DEngine\TW3DSystem</Filter>
    </ClInclude>
    <ClInclude Include="TW3DShader.h">
      <Filter>Header Files\TW3DEngine\TW3DSystem</Filter>
    </ClInclude>
    <ClInclude Include="TW3DLightSource.h">
      <Filter>Header Files\TW3DEngine\TW3DSystem</Filter>
    </ClInclude>
    <ClInclude Include="TW3DVRSCalculator.h">
      <Filter>Header Files\TW3DEngine\TW3DModule</Filter>
    </ClInclude>
  </ItemGroup>
  <ItemGroup>
    <ClCompile Include="main.cpp">
      <Filter>Source Files</Filter>
    </ClCompile>
    <ClCompile Include="TWTypes.cpp">
      <Filter>Source Files\TWTypes</Filter>
    </ClCompile>
    <ClCompile Include="TWUtils.cpp">
      <Filter>Source Files\TWUtils</Filter>
    </ClCompile>
    <ClCompile Include="TW3DTypes.cpp">
      <Filter>Source Files\TWTypes</Filter>
    </ClCompile>
    <ClCompile Include="TW3DUtils.cpp">
      <Filter>Source Files\TWUtils</Filter>
    </ClCompile>
    <ClCompile Include="TW3DResource.cpp">
      <Filter>Source Files\TW3DEngine\TW3DResource</Filter>
    </ClCompile>
    <ClCompile Include="TW3DGeometry.cpp">
      <Filter>Source Files\TW3DEngine\TW3DObject</Filter>
    </ClCompile>
    <ClCompile Include="TW3DCube.cpp">
      <Filter>Source Files\TW3DEngine\TW3DObject</Filter>
    </ClCompile>
    <ClCompile Include="TW3DPrimitives.cpp">
      <Filter>Source Files\TW3DEngine</Filter>
    </ClCompile>
    <ClCompile Include="TW3DRenderer.cpp">
      <Filter>Source Files\TW3DEngine\TW3DRenderer</Filter>
    </ClCompile>
    <ClCompile Include="TW3DDefaultRenderer.cpp">
      <Filter>Source Files\TW3DEngine\TW3DRenderer</Filter>
    </ClCompile>
    <ClCompile Include="TW3DObject.cpp">
      <Filter>Source Files\TW3DEngine\TW3DObject</Filter>
    </ClCompile>
    <ClCompile Include="TW3DAdapter.cpp">
      <Filter>Source Files\TW3DEngine\TW3DSystem</Filter>
    </ClCompile>
    <ClCompile Include="TW3DCommandQueue.cpp">
      <Filter>Source Files\TW3DEngine\TW3DSystem</Filter>
    </ClCompile>
    <ClCompile Include="TW3DDescriptorHeap.cpp">
      <Filter>Source Files\TW3DEngine\TW3DSystem</Filter>
    </ClCompile>
    <ClCompile Include="TW3DDevice.cpp">
      <Filter>Source Files\TW3DEngine\TW3DSystem</Filter>
    </ClCompile>
    <ClCompile Include="TW3DFactory.cpp">
      <Filter>Source Files\TW3DEngine\TW3DSystem</Filter>
    </ClCompile>
    <ClCompile Include="TW3DGraphicsCommandList.cpp">
      <Filter>Source Files\TW3DEngine\TW3DSystem</Filter>
    </ClCompile>
    <ClCompile Include="TW3DRootSignature.cpp">
      <Filter>Source Files\TW3DEngine\TW3DSystem</Filter>
    </ClCompile>
    <ClCompile Include="TW3DSwapChain.cpp">
      <Filter>Source Files\TW3DEngine\TW3DSystem</Filter>
    </ClCompile>
    <ClCompile Include="TW3DTempGCL.cpp">
      <Filter>Source Files\TW3DEngine\TW3DSystem</Filter>
    </ClCompile>
    <ClCompile Include="TW3DGraphicsPipelineState.cpp">
      <Filter>Source Files\TW3DEngine\TW3DSystem</Filter>
    </ClCompile>
    <ClCompile Include="TW3DComputePipelineState.cpp">
      <Filter>Source Files\TW3DEngine\TW3DSystem</Filter>
    </ClCompile>
    <ClCompile Include="TW3DBitonicSorter.cpp">
      <Filter>Source Files\TW3DEngine\TW3DModule</Filter>
    </ClCompile>
    <ClCompile Include="TW3DModules.cpp">
      <Filter>Source Files\TW3DEngine\TW3DModule</Filter>
    </ClCompile>
    <ClCompile Include="TW3DLBVH.cpp">
      <Filter>Source Files\TW3DEngine\TW3DSystem</Filter>
    </ClCompile>
    <ClCompile Include="TW3DShaders.cpp">
      <Filter>Source Files\TW3DEngine\TW3DSystem</Filter>
    </ClCompile>
    <ClCompile Include="TW3DVertexMesh.cpp">
      <Filter>Source Files\TW3DEngine\TW3DSystem</Filter>
    </ClCompile>
    <ClCompile Include="TWLogger.cpp">
      <Filter>Source Files\TWUtils</Filter>
    </ClCompile>
    <ClCompile Include="Universe3D.cpp">
      <Filter>Source Files\Game</Filter>
    </ClCompile>
    <ClCompile Include="TW3DSphere.cpp">
      <Filter>Source Files\TW3DEngine\TW3DObject</Filter>
    </ClCompile>
    <ClCompile Include="Planet.cpp">
      <Filter>Source Files\Game</Filter>
    </ClCompile>
    <ClCompile Include="Galaxy.cpp">
      <Filter>Source Files\Game</Filter>
    </ClCompile>
    <ClCompile Include="UniverseObject.cpp">
      <Filter>Source Files\Game</Filter>
    </ClCompile>
    <ClCompile Include="TWPerlinNoise.cpp">
      <Filter>Source Files\TWUtils</Filter>
    </ClCompile>
    <ClCompile Include="TW3DVertexBuffer.cpp">
      <Filter>Source Files\TW3DEngine\TW3DResource</Filter>
    </ClCompile>
    <ClCompile Include="TW3DConstantBuffer.cpp">
      <Filter>Source Files\TW3DEngine\TW3DResource</Filter>
    </ClCompile>
    <ClCompile Include="TW3DRenderTarget.cpp">
      <Filter>Source Files\TW3DEngine\TW3DResource</Filter>
    </ClCompile>
    <ClCompile Include="TW3DTexture.cpp">
      <Filter>Source Files\TW3DEngine\TW3DResource</Filter>
    </ClCompile>
    <ClCompile Include="TW3DBuffer.cpp">
      <Filter>Source Files\TW3DEngine\TW3DResource</Filter>
    </ClCompile>
    <ClCompile Include="TW3DResourceManager.cpp">
      <Filter>Source Files\TW3DEngine\TW3DSystem</Filter>
    </ClCompile>
    <ClCompile Include="pch.cpp">
      <Filter>Source Files</Filter>
    </ClCompile>
    <ClCompile Include="TW3DPerspectiveCamera.cpp">
      <Filter>Source Files\TW3DEngine\TW3DSystem</Filter>
    </ClCompile>
    <ClCompile Include="TW3DEngine.cpp">
      <Filter>Source Files\TW3DEngine\TW3DSystem</Filter>
    </ClCompile>
    <ClCompile Include="TW3DScene.cpp">
      <Filter>Source Files\TW3DEngine\TW3DSystem</Filter>
    </ClCompile>
    <ClCompile Include="TW3DTransform.cpp">
      <Filter>Source Files\TW3DEngine\TW3DSystem</Filter>
    </ClCompile>
    <ClCompile Include="TW3DShader.cpp">
      <Filter>Source Files\TW3DEngine\TW3DSystem</Filter>
    </ClCompile>
    <ClCompile Include="TW3DLightSource.cpp">
      <Filter>Source Files\TW3DEngine\TW3DSystem</Filter>
    </ClCompile>
    <ClCompile Include="TW3DVRSCalculator.cpp">
      <Filter>Source Files\TW3DEngine\TW3DModule</Filter>
    </ClCompile>
  </ItemGroup>
  <ItemGroup>
    <FxCompile Include="GBuffer.v.hlsl">
      <Filter>Resource Files\Shaders</Filter>
    </FxCompile>
    <FxCompile Include="GBuffer.p.hlsl">
      <Filter>Resource Files\Shaders</Filter>
    </FxCompile>
    <FxCompile Include="BitonicInnerSort.c.hlsl">
      <Filter>Resource Files\Shaders\BitonicSort</Filter>
    </FxCompile>
    <FxCompile Include="BitonicOuterSort.c.hlsl">
      <Filter>Resource Files\Shaders\BitonicSort</Filter>
    </FxCompile>
    <FxCompile Include="BitonicPreSort.c.hlsl">
      <Filter>Resource Files\Shaders\BitonicSort</Filter>
    </FxCompile>
    <FxCompile Include="BitonicSortIndirectArgs.c.hlsl">
      <Filter>Resource Files\Shaders\BitonicSort</Filter>
    </FxCompile>
    <FxCompile Include="RayTrace.c.hlsl">
      <Filter>Resource Files\Shaders</Filter>
    </FxCompile>
    <FxCompile Include="BuildLBVHSplits.c.hlsl">
      <Filter>Resource Files\Shaders\LBVH</Filter>
    </FxCompile>
    <FxCompile Include="UpdateLBVHNodeBounds.c.hlsl">
      <Filter>Resource Files\Shaders\LBVH</Filter>
    </FxCompile>
    <FxCompile Include="CalculateMortonCodesForLBVHs.c.hlsl">
      <Filter>Resource Files\Shaders\LBVH</Filter>
    </FxCompile>
    <FxCompile Include="SetupLBVHNodesFromLBVHs.c.hlsl">
      <Filter>Resource Files\Shaders\LBVH</Filter>
    </FxCompile>
    <FxCompile Include="BuildLBVHSplitsFromLBVHs.c.hlsl">
      <Filter>Resource Files\Shaders\LBVH</Filter>
    </FxCompile>
    <FxCompile Include="UpdateLBVHNodeBoundsForLBVHs.c.hlsl">
      <Filter>Resource Files\Shaders\LBVH</Filter>
    </FxCompile>
    <FxCompile Include="CalculateMortonCodesForTriangles.c.hlsl">
      <Filter>Resource Files\Shaders\LBVH</Filter>
    </FxCompile>
    <FxCompile Include="CalculateTriangleMeshBoundingBox.c.hlsl">
      <Filter>Resource Files\Shaders</Filter>
    </FxCompile>
    <FxCompile Include="SetupLBVHNodesFromTriangles.c.hlsl">
      <Filter>Resource Files\Shaders\LBVH</Filter>
    </FxCompile>
    <FxCompile Include="FinalPassBlit.p.hlsl">
      <Filter>Resource Files\Shaders</Filter>
    </FxCompile>
    <FxCompile Include="ScreenQuad.v.hlsl">
      <Filter>Resource Files\Shaders</Filter>
    </FxCompile>
    <FxCompile Include="CalculateVariableRateShading.p.hlsl">
      <Filter>Resource Files\Shaders</Filter>
    </FxCompile>
    <FxCompile Include="CalculateLBVHsBoundingBox.c.hlsl">
      <Filter>Resource Files\Shaders\LBVH</Filter>
    </FxCompile>
  </ItemGroup>
  <ItemGroup>
    <None Include="HLSLHelper.hlsli">
      <Filter>Resource Files\Shaders</Filter>
    </None>
    <None Include="BitonicSortCommon.hlsli">
      <Filter>Resource Files\Shaders\BitonicSort</Filter>
    </None>
    <None Include="RTDefaultLightModel.hlsli">
      <Filter>Resource Files\Shaders\LBVH</Filter>
    </None>
    <None Include="RayTracing.hlsli">
      <Filter>Resource Files\Shaders</Filter>
    </None>
  </ItemGroup>
</Project>