<?xml version="1.0" encoding="utf-8"?>
<Project ToolsVersion="4.0" xmlns="http://schemas.microsoft.com/developer/msbuild/2003">
  <ItemGroup>
    <Filter Include="Source Files">
      <UniqueIdentifier>{4FC737F1-C7A5-4376-A066-2A32D752A2FF}</UniqueIdentifier>
      <Extensions>cpp;c;cc;cxx;def;odl;idl;hpj;bat;asm;asmx</Extensions>
    </Filter>
    <Filter Include="Header Files">
      <UniqueIdentifier>{93995380-89BD-4b04-88EB-625FBE52EBFB}</UniqueIdentifier>
      <Extensions>h;hh;hpp;hxx;hm;inl;inc;ipp;xsd</Extensions>
    </Filter>
    <Filter Include="Header Files\TW3DEngine">
      <UniqueIdentifier>{dff9c8bf-887e-4bf6-a674-b30a124a75d0}</UniqueIdentifier>
    </Filter>
    <Filter Include="Source Files\TW3DEngine">
      <UniqueIdentifier>{dd51a116-d939-4fec-9140-ce0213f34895}</UniqueIdentifier>
    </Filter>
    <Filter Include="Source Files\TWTypes">
      <UniqueIdentifier>{ceaac37c-798c-4b79-9e6c-a58408ce9e63}</UniqueIdentifier>
    </Filter>
    <Filter Include="Header Files\TWTypes">
      <UniqueIdentifier>{41661c97-f49a-44ec-9104-a1701891a418}</UniqueIdentifier>
    </Filter>
    <Filter Include="Header Files\TWUtils">
      <UniqueIdentifier>{baff5cba-1386-4ba3-a4db-f85a5d439e73}</UniqueIdentifier>
    </Filter>
    <Filter Include="Source Files\TWUtils">
      <UniqueIdentifier>{60b891bd-ea6a-4409-a747-b90b5f2d803b}</UniqueIdentifier>
    </Filter>
    <Filter Include="Source Files\Resource Files">
      <UniqueIdentifier>{67DA6AB6-F800-4c08-8B7A-83BB121AAD01}</UniqueIdentifier>
      <Extensions>rc;ico;cur;bmp;dlg;rc2;rct;bin;rgs;gif;jpg;jpeg;jpe;resx;tiff;tif;png;wav;mfcribbon-ms</Extensions>
    </Filter>
  </ItemGroup>
  <ItemGroup>
    <ClInclude Include="pch.h">
      <Filter>Header Files</Filter>
    </ClInclude>
    <ClInclude Include="TW3DEngine.h">
      <Filter>Header Files\TW3DEngine</Filter>
    </ClInclude>
    <ClInclude Include="TWTypes.h">
      <Filter>Header Files\TWTypes</Filter>
    </ClInclude>
    <ClInclude Include="d3dx12.h">
      <Filter>Header Files</Filter>
    </ClInclude>
    <ClInclude Include="TWUtils.h">
      <Filter>Header Files\TWUtils</Filter>
    </ClInclude>
    <ClInclude Include="TW3DTypes.h">
      <Filter>Header Files\TWTypes</Filter>
    </ClInclude>
    <ClInclude Include="TW3DUtils.h">
      <Filter>Header Files\TWUtils</Filter>
    </ClInclude>
    <ClInclude Include="TW3DDevice.h">
      <Filter>Header Files\TW3DEngine</Filter>
    </ClInclude>
    <ClInclude Include="TW3DAdapter.h">
      <Filter>Header Files\TW3DEngine</Filter>
    </ClInclude>
    <ClInclude Include="TW3DFactory.h">
      <Filter>Header Files\TW3DEngine</Filter>
    </ClInclude>
    <ClInclude Include="TW3DSwapChain.h">
      <Filter>Header Files\TW3DEngine</Filter>
    </ClInclude>
    <ClInclude Include="TW3DBuffer.h">
      <Filter>Header Files\TW3DEngine</Filter>
    </ClInclude>
    <ClInclude Include="TW3DDescriptorHeap.h">
      <Filter>Header Files\TW3DEngine</Filter>
    </ClInclude>
    <ClInclude Include="TW3DGraphicsCommandList.h">
      <Filter>Header Files\TW3DEngine</Filter>
    </ClInclude>
    <ClInclude Include="TW3DCommandQueue.h">
      <Filter>Header Files\TW3DEngine</Filter>
    </ClInclude>
    <ClInclude Include="TW3DFence.h">
      <Filter>Header Files\TW3DEngine</Filter>
    </ClInclude>
  </ItemGroup>
  <ItemGroup>
    <ClCompile Include="main.cpp">
      <Filter>Source Files</Filter>
    </ClCompile>
    <ClCompile Include="TW3DEngine.cpp">
      <Filter>Source Files\TW3DEngine</Filter>
    </ClCompile>
    <ClCompile Include="TWTypes.cpp">
      <Filter>Source Files\TWTypes</Filter>
    </ClCompile>
    <ClCompile Include="TWUtils.cpp">
      <Filter>Source Files\TWUtils</Filter>
    </ClCompile>
    <ClCompile Include="TW3DTypes.cpp">
      <Filter>Source Files\TWTypes</Filter>
    </ClCompile>
    <ClCompile Include="TW3DUtils.cpp">
      <Filter>Source Files\TWUtils</Filter>
    </ClCompile>
    <ClCompile Include="TW3DDevice.cpp">
      <Filter>Source Files\TW3DEngine</Filter>
    </ClCompile>
    <ClCompile Include="TW3DAdapter.cpp">
      <Filter>Source Files\TW3DEngine</Filter>
    </ClCompile>
    <ClCompile Include="TW3DFactory.cpp">
      <Filter>Source Files\TW3DEngine</Filter>
    </ClCompile>
    <ClCompile Include="pch.cpp" />
    <ClCompile Include="TW3DSwapChain.cpp">
      <Filter>Source Files\TW3DEngine</Filter>
    </ClCompile>
    <ClCompile Include="TW3DBuffer.cpp">
      <Filter>Source Files\TW3DEngine</Filter>
    </ClCompile>
    <ClCompile Include="TW3DDescriptorHeap.cpp">
      <Filter>Source Files\TW3DEngine</Filter>
    </ClCompile>
    <ClCompile Include="TW3DGraphicsCommandList.cpp">
      <Filter>Source Files\TW3DEngine</Filter>
    </ClCompile>
    <ClCompile Include="TW3DCommandQueue.cpp">
      <Filter>Source Files\TW3DEngine</Filter>
    </ClCompile>
    <ClCompile Include="TW3DFence.cpp">
      <Filter>Source Files\TW3DEngine</Filter>
    </ClCompile>
  </ItemGroup>
  <ItemGroup>
    <FxCompile Include="..\..\..\..\..\PixelShader.hlsl" />
    <FxCompile Include="..\..\..\..\..\VertexShader.hlsl" />
  </ItemGroup>
</Project>